PODS:
  - FDFullscreenPopGesture (1.1)
  - IQKeyboardManager (4.0.5)
  - MJRefresh (3.1.12)
  - pop (1.0.9)

DEPENDENCIES:
  - FDFullscreenPopGesture
  - IQKeyboardManager
  - MJRefresh
  - pop

SPEC CHECKSUMS:
  FDFullscreenPopGesture: a8a620179e3d9c40e8e00256dcee1c1a27c6d0f0
  IQKeyboardManager: 50b62c0603308968256f8208886e206c1dcce607
  MJRefresh: b96cdb21c4aa75a7b07654311ab2f315c497e806
  pop: f667631a5108a2e60d9e8797c9b32ddaf2080bce

PODFILE CHECKSUM: d0d5657f4d9ab199ae781e9d9c6d6a0c15deae76

COCOAPODS: 1.1.0.beta.2
